
Microsoft Visual Studio Solution File, Format Version 12.00
# Visual Studio Version 17
VisualStudioVersion = 17.10.35122.118
MinimumVisualStudioVersion = 10.0.40219.1
Project("{FAE04EC0-301F-11D3-BF4B-00C04F79EFBC}") = "QuickApplyBackend", "QuickApplyBackend\QuickApplyBackend.csproj", "{6A18E79B-F809-4222-8EAC-73F5A9091FBE}"
EndProject
Global
	GlobalSection(SolutionConfigurationPlatforms) = preSolution
		Debug|Any CPU = Debug|Any CPU
		Release|Any CPU = Release|Any CPU
	EndGlobalSection
	GlobalSection(ProjectConfigurationPlatforms) = postSolution
		{6A18E79B-F809-4222-8EAC-73F5A9091FBE}.Debug|Any CPU.ActiveCfg = Debug|Any CPU
		{6A18E79B-F809-4222-8EAC-73F5A9091FBE}.Debug|Any CPU.Build.0 = Debug|Any CPU
		{6A18E79B-F809-4222-8EAC-73F5A9091FBE}.Release|Any CPU.ActiveCfg = Release|Any CPU
		{6A18E79B-F809-4222-8EAC-73F5A9091FBE}.Release|Any CPU.Build.0 = Release|Any CPU
	EndGlobalSection
	GlobalSection(SolutionProperties) = preSolution
		HideSolutionNode = FALSE
	EndGlobalSection
	GlobalSection(ExtensibilityGlobals) = postSolution
		SolutionGuid = {A3F8E381-81C9-4C06-8370-818EC54D18E2}
	EndGlobalSection
EndGlobal
